
Microsoft Visual Studio Solution File, Format Version 12.00
# Visual Studio Version 17
VisualStudioVersion = 17.0.31903.59
MinimumVisualStudioVersion = 10.0.40219.1
Project("{FAE04EC0-301F-11D3-BF4B-00C04F79EFBC}") = "DropSpace.Core", "src\DropSpace.Core\DropSpace.Core.csproj", "{735DB7E5-7E02-4F0C-ABCB-330DC65C9020}"
EndProject
Project("{FAE04EC0-301F-11D3-BF4B-00C04F79EFBC}") = "DropSpace.Infrastructure", "src\DropSpace.Infrastructure\DropSpace.Infrastructure.csproj", "{DF20C646-792D-4C53-9C30-1CE55B8DF1AF}"
EndProject
Project("{FAE04EC0-301F-11D3-BF4B-00C04F79EFBC}") = "DropSpace.App", "src\DropSpace.App\DropSpace.App.csproj", "{D46C7B1C-624A-4E89-8A34-3E4BA24CB00C}"
EndProject
Project("{FAE04EC0-301F-11D3-BF4B-00C04F79EFBC}") = "DropSpace.App.Tests", "tests\DropSpace.App.Tests\DropSpace.App.Tests.csproj", "{F2B9D6AF-98A0-4D85-84F0-2E3F8B0B9CE1}"
EndProject
Project("{FAE04EC0-301F-11D3-BF4B-00C04F79EFBC}") = "DropSpace.Core.Tests", "tests\DropSpace.Core.Tests\DropSpace.Core.Tests.csproj", "{039B37AA-21F8-4E96-80B8-A353D26DA2B1}"
EndProject
Project("{FAE04EC0-301F-11D3-BF4B-00C04F79EFBC}") = "DropSpace.Infrastructure.Tests", "tests\DropSpace.Infrastructure.Tests\DropSpace.Infrastructure.Tests.csproj", "{0186B40A-6793-463C-9A4A-1243762C500E}"
EndProject
Global
	GlobalSection(SolutionConfigurationPlatforms) = preSolution
		Debug|Any CPU = Debug|Any CPU
		Release|Any CPU = Release|Any CPU
		x64|x64 = x64|x64
	EndGlobalSection
	GlobalSection(ProjectConfigurationPlatforms) = postSolution
		{F2B9D6AF-98A0-4D85-84F0-2E3F8B0B9CE1}.Debug|Any CPU.ActiveCfg = Debug|Any CPU
		{F2B9D6AF-98A0-4D85-84F0-2E3F8B0B9CE1}.Debug|Any CPU.Build.0 = Debug|Any CPU
		{F2B9D6AF-98A0-4D85-84F0-2E3F8B0B9CE1}.Release|Any CPU.ActiveCfg = Release|Any CPU
		{F2B9D6AF-98A0-4D85-84F0-2E3F8B0B9CE1}.Release|Any CPU.Build.0 = Release|Any CPU
		{F2B9D6AF-98A0-4D85-84F0-2E3F8B0B9CE1}.x64|x64.ActiveCfg = Release|x64
		{F2B9D6AF-98A0-4D85-84F0-2E3F8B0B9CE1}.x64|x64.Build.0 = Release|x64
		{735DB7E5-7E02-4F0C-ABCB-330DC65C9020}.Debug|Any CPU.ActiveCfg = Debug|Any CPU
		{735DB7E5-7E02-4F0C-ABCB-330DC65C9020}.Debug|Any CPU.Build.0 = Debug|Any CPU
		{735DB7E5-7E02-4F0C-ABCB-330DC65C9020}.Release|Any CPU.ActiveCfg = Release|Any CPU
		{735DB7E5-7E02-4F0C-ABCB-330DC65C9020}.Release|Any CPU.Build.0 = Release|Any CPU
		{735DB7E5-7E02-4F0C-ABCB-330DC65C9020}.x64|x64.ActiveCfg = Release|Any CPU
		{735DB7E5-7E02-4F0C-ABCB-330DC65C9020}.x64|x64.Build.0 = Release|Any CPU
		{DF20C646-792D-4C53-9C30-1CE55B8DF1AF}.Debug|Any CPU.ActiveCfg = Debug|Any CPU
		{DF20C646-792D-4C53-9C30-1CE55B8DF1AF}.Debug|Any CPU.Build.0 = Debug|Any CPU
		{DF20C646-792D-4C53-9C30-1CE55B8DF1AF}.Release|Any CPU.ActiveCfg = Release|Any CPU
		{DF20C646-792D-4C53-9C30-1CE55B8DF1AF}.Release|Any CPU.Build.0 = Release|Any CPU
		{DF20C646-792D-4C53-9C30-1CE55B8DF1AF}.x64|x64.ActiveCfg = Release|Any CPU
		{DF20C646-792D-4C53-9C30-1CE55B8DF1AF}.x64|x64.Build.0 = Release|Any CPU
		{D46C7B1C-624A-4E89-8A34-3E4BA24CB00C}.Debug|Any CPU.ActiveCfg = Debug|x64
		{D46C7B1C-624A-4E89-8A34-3E4BA24CB00C}.Debug|Any CPU.Build.0 = Debug|x64
		{D46C7B1C-624A-4E89-8A34-3E4BA24CB00C}.Release|Any CPU.ActiveCfg = Release|x64
		{D46C7B1C-624A-4E89-8A34-3E4BA24CB00C}.Release|Any CPU.Build.0 = Release|x64
		{D46C7B1C-624A-4E89-8A34-3E4BA24CB00C}.x64|x64.ActiveCfg = Release|x64
		{D46C7B1C-624A-4E89-8A34-3E4BA24CB00C}.x64|x64.Build.0 = Release|x64
		{039B37AA-21F8-4E96-80B8-A353D26DA2B1}.Debug|Any CPU.ActiveCfg = Debug|Any CPU
		{039B37AA-21F8-4E96-80B8-A353D26DA2B1}.Debug|Any CPU.Build.0 = Debug|Any CPU
		{039B37AA-21F8-4E96-80B8-A353D26DA2B1}.Release|Any CPU.ActiveCfg = Release|Any CPU
		{039B37AA-21F8-4E96-80B8-A353D26DA2B1}.Release|Any CPU.Build.0 = Release|Any CPU
		{039B37AA-21F8-4E96-80B8-A353D26DA2B1}.x64|x64.ActiveCfg = Release|Any CPU
		{039B37AA-21F8-4E96-80B8-A353D26DA2B1}.x64|x64.Build.0 = Release|Any CPU
		{0186B40A-6793-463C-9A4A-1243762C500E}.Debug|Any CPU.ActiveCfg = Debug|Any CPU
		{0186B40A-6793-463C-9A4A-1243762C500E}.Debug|Any CPU.Build.0 = Debug|Any CPU
		{0186B40A-6793-463C-9A4A-1243762C500E}.Release|Any CPU.ActiveCfg = Release|Any CPU
		{0186B40A-6793-463C-9A4A-1243762C500E}.Release|Any CPU.Build.0 = Release|Any CPU
		{0186B40A-6793-463C-9A4A-1243762C500E}.x64|x64.ActiveCfg = Release|Any CPU
		{0186B40A-6793-463C-9A4A-1243762C500E}.x64|x64.Build.0 = Release|Any CPU
	EndGlobalSection
EndGlobal
